{
  "name": "desert-ant-core-workspace",
  "lockfileVersion": 3,
  "requires": true,
  "packages": {
    "": {
      "name": "desert-ant-core-workspace",
      "workspaces": [
        "js",
        "packages/*-node"
      ],
      "devDependencies": {
        "playwright": "^1.49.0"
      }
    },
    "js": {
      "name": "@desert-ant-labs/core",
      "version": "3.3.1",
      "license": "SEE LICENSE IN LICENSE.md",
      "devDependencies": {
        "@litertjs/core": "^2.5.2"
      },
      "peerDependencies": {
        "@litertjs/core": ">=2.1.0",
        "koffi": ">=2.9.0"
      },
      "peerDependenciesMeta": {
        "@litertjs/core": {
          "optional": true
        },
        "koffi": {
          "optional": true
        }
      }
    },
    "node_modules/@bjorn3/browser_wasi_shim": {
      "version": "0.3.0",
      "resolved": "https://registry.npmjs.org/@bjorn3/browser_wasi_shim/-/browser_wasi_shim-0.3.0.tgz",
      "integrity": "sha512-FlRBYttPRLcWORzBe6g8nmYTafBkOEFeOqMYM4tAHJzFsQy4+xJA94z85a9BCs8S+Uzfh9LrkpII7DXr2iUVFg==",
      "license": "MIT OR Apache-2.0"
    },
    "node_modules/@desert-ant-labs/align": {
      "resolved": "packages/align-node",
      "link": true
    },
    "node_modules/@desert-ant-labs/clear": {
      "resolved": "packages/clear-node",
      "link": true
    },
    "node_modules/@desert-ant-labs/core": {
      "resolved": "js",
      "link": true
    },
    "node_modules/@desert-ant-labs/ear": {
      "resolved": "packages/ear-node",
      "link": true
    },
    "node_modules/@desert-ant-labs/emo": {
      "resolved": "packages/emo-node",
      "link": true
    },
    "node_modules/@desert-ant-labs/gist": {
      "resolved": "packages/gist-node",
      "link": true
    },
    "node_modules/@desert-ant-labs/redact": {
      "resolved": "packages/redact-node",
      "link": true
    },
    "node_modules/@desert-ant-labs/shapes": {
      "resolved": "packages/shapes-node",
      "link": true
    },
    "node_modules/@desert-ant-labs/tongue": {
      "resolved": "packages/tongue-node",
      "link": true
    },
    "node_modules/@desert-ant-labs/voz": {
      "resolved": "packages/voz-node",
      "link": true
    },
    "node_modules/@litertjs/core": {
      "version": "2.5.3",
      "resolved": "https://registry.npmjs.org/@litertjs/core/-/core-2.5.3.tgz",
      "integrity": "sha512-PlGmbMOq9WitX7FO0jhbdJw9GthatsyuCQXjTt/wJZo0FLaw48q4tz8IwqgqCIkviYGr9OFDL1kCnN4nzWoyJQ==",
      "dev": true,
      "license": "Apache-2.0",
      "dependencies": {
        "@litertjs/wasm-utils": "^2.5.3"
      }
    },
    "node_modules/@litertjs/wasm-utils": {
      "version": "2.5.3",
      "resolved": "https://registry.npmjs.org/@litertjs/wasm-utils/-/wasm-utils-2.5.3.tgz",
      "integrity": "sha512-4fJiw6tBQnIs+0jH/OQ16nYOiSl8/+zZnn5h2ul8aTKHi05sVqZW580Tmk78pC2kT39A9OYBVdFawteZ/sI1kQ==",
      "dev": true,
      "license": "Apache-2.0"
    },
    "node_modules/@protobufjs/aspromise": {
      "version": "1.1.2",
      "resolved": "https://registry.npmjs.org/@protobufjs/aspromise/-/aspromise-1.1.2.tgz",
      "integrity": "sha512-j+gKExEuLmKwvz3OgROXtrJ2UG2x8Ch2YZUxahh+s1F2HZ+wAceUNLkvy6zKCPVRkU++ZWQrdxsUeQXmcg4uoQ==",
      "dev": true,
      "license": "BSD-3-Clause"
    },
    "node_modules/@protobufjs/base64": {
      "version": "1.1.2",
      "resolved": "https://registry.npmjs.org/@protobufjs/base64/-/base64-1.1.2.tgz",
      "integrity": "sha512-AZkcAA5vnN/v4PDqKyMR5lx7hZttPDgClv83E//FMNhR2TMcLUhfRUBHCmSl0oi9zMgDDqRUJkSxO3wm85+XLg==",
      "dev": true,
      "license": "BSD-3-Clause"
    },
    "node_modules/@protobufjs/codegen": {
      "version": "2.0.5",
      "resolved": "https://registry.npmjs.org/@protobufjs/codegen/-/codegen-2.0.5.tgz",
      "integrity": "sha512-zgXFLzW3Ap33e6d0Wlj4MGIm6Ce8O89n/apUaGNB/jx+hw+ruWEp7EwGUshdLKVRCxZW12fp9r40E1mQrf/34g==",
      "dev": true,
      "license": "BSD-3-Clause"
    },
    "node_modules/@protobufjs/eventemitter": {
      "version": "1.1.1",
      "resolved": "https://registry.npmjs.org/@protobufjs/eventemitter/-/eventemitter-1.1.1.tgz",
      "integrity": "sha512-vW1GmwMZNnL+gMRaovlh9yZX74kc+TTU3FObkkurpMaRtBfLP3ldjS9KQWlwZgraRE0+dheEEoAxdzcJQ8eXZg==",
      "dev": true,
      "license": "BSD-3-Clause"
    },
    "node_modules/@protobufjs/fetch": {
      "version": "1.1.1",
      "resolved": "https://registry.npmjs.org/@protobufjs/fetch/-/fetch-1.1.1.tgz",
      "integrity": "sha512-GpptLrs57adMSuHi3VNj0mAF8dwh36LMaYF6XyJ6JMWlVsc+t42tm1HSEDmOs3A8fC9yyeisgLhsTVQokOZ0zw==",
      "dev": true,
      "license": "BSD-3-Clause",
      "dependencies": {
        "@protobufjs/aspromise": "^1.1.1"
      }
    },
    "node_modules/@protobufjs/float": {
      "version": "1.0.2",
      "resolved": "https://registry.npmjs.org/@protobufjs/float/-/float-1.0.2.tgz",
      "integrity": "sha512-Ddb+kVXlXst9d+R9PfTIxh1EdNkgoRe5tOX6t01f1lYWOvJnSPDBlG241QLzcyPdoNTsblLUdujGSE4RzrTZGQ==",
      "dev": true,
      "license": "BSD-3-Clause"
    },
    "node_modules/@protobufjs/path": {
      "version": "1.1.2",
      "resolved": "https://registry.npmjs.org/@protobufjs/path/-/path-1.1.2.tgz",
      "integrity": "sha512-6JOcJ5Tm08dOHAbdR3GrvP+yUUfkjG5ePsHYczMFLq3ZmMkAD98cDgcT2iA1lJ9NVwFd4tH/iSSoe44YWkltEA==",
      "dev": true,
      "license": "BSD-3-Clause"
    },
    "node_modules/@protobufjs/pool": {
      "version": "1.1.0",
      "resolved": "https://registry.npmjs.org/@protobufjs/pool/-/pool-1.1.0.tgz",
      "integrity": "sha512-0kELaGSIDBKvcgS4zkjz1PeddatrjYcmMWOlAuAPwAeccUrPHdUqo/J6LiymHHEiJT5NrF1UVwxY14f+fy4WQw==",
      "dev": true,
      "license": "BSD-3-Clause"
    },
    "node_modules/@protobufjs/utf8": {
      "version": "1.1.2",
      "resolved": "https://registry.npmjs.org/@protobufjs/utf8/-/utf8-1.1.2.tgz",
      "integrity": "sha512-b1UQwcEZ4yCnMCD8DAL1VlbvBJE9/IX4FTIp7BG1xYpf29SLazLSrqUkj4w7Y5y7cCVP6E5tcqqcI0xemPkHug==",
      "dev": true,
      "license": "BSD-3-Clause"
    },
    "node_modules/@types/dom-mediacapture-transform": {
      "version": "0.1.12",
      "resolved": "https://registry.npmjs.org/@types/dom-mediacapture-transform/-/dom-mediacapture-transform-0.1.12.tgz",
      "integrity": "sha512-d7/QsLRwF864A5mgIM/YrfiglHoYn7zgCcAoJgW404r+2DwnNr7EBbLnCWpmOMgH8y0te73L1AV6H1bmauaWFw==",
      "license": "MIT",
      "dependencies": {
        "@types/dom-webcodecs": "*"
      }
    },
    "node_modules/@types/dom-webcodecs": {
      "version": "0.1.13",
      "resolved": "https://registry.npmjs.org/@types/dom-webcodecs/-/dom-webcodecs-0.1.13.tgz",
      "integrity": "sha512-O5hkiFIcjjszPIYyUSyvScyvrBoV3NOEEZx/pMlsu44TKzWNkLVBBxnxJz42in5n3QIolYOcBYFCPZZ0h8SkwQ==",
      "license": "MIT"
    },
    "node_modules/@types/node": {
      "version": "22.20.1",
      "resolved": "https://registry.npmjs.org/@types/node/-/node-22.20.1.tgz",
      "integrity": "sha512-EANqOCF9QFyra+4pfxUcX9STKJpCLjMbObVzljIJomAWSnuSIEAvyzEU53GaajbXJEgdh0iEcPL+DGvpUd4k1Q==",
      "dev": true,
      "license": "MIT",
      "dependencies": {
        "undici-types": "~6.21.0"
      }
    },
    "node_modules/flatbuffers": {
      "version": "25.9.23",
      "resolved": "https://registry.npmjs.org/flatbuffers/-/flatbuffers-25.9.23.tgz",
      "integrity": "sha512-MI1qs7Lo4Syw0EOzUl0xjs2lsoeqFku44KpngfIduHBYvzm8h2+7K8YMQh1JtVVVrUvhLpNwqVi4DERegUJhPQ==",
      "dev": true,
      "license": "Apache-2.0"
    },
    "node_modules/fsevents": {
      "version": "2.3.2",
      "resolved": "https://registry.npmjs.org/fsevents/-/fsevents-2.3.2.tgz",
      "integrity": "sha512-xiqMQR4xAeHTuB9uWm+fFRcIOgKBMiOBP+eXiyT7jsgVCq1bkVygt00oASowB7EdtpOHaaPgKt812P9ab+DDKA==",
      "dev": true,
      "hasInstallScript": true,
      "license": "MIT",
      "optional": true,
      "os": [
        "darwin"
      ],
      "engines": {
        "node": "^8.16.0 || ^10.6.0 || >=11.0.0"
      }
    },
    "node_modules/guid-typescript": {
      "version": "1.0.9",
      "resolved": "https://registry.npmjs.org/guid-typescript/-/guid-typescript-1.0.9.tgz",
      "integrity": "sha512-Y8T4vYhEfwJOTbouREvG+3XDsjr8E3kIr7uf+JZ0BYloFsttiHU0WfvANVsR7TxNUJa/WpCnw/Ino/p+DeBhBQ==",
      "dev": true,
      "license": "ISC"
    },
    "node_modules/koffi": {
      "version": "2.16.3",
      "resolved": "https://registry.npmjs.org/koffi/-/koffi-2.16.3.tgz",
      "integrity": "sha512-E9y1AsgYGlaxMhcZzHr8y96QF2U5XzA12GGVAfbWqIubTwPNMXQarfBzePNXHe0xtIEtNd6ifAv3GAKYGUeBAQ==",
      "hasInstallScript": true,
      "license": "MIT",
      "optional": true,
      "funding": {
        "url": "https://liberapay.com/Koromix"
      }
    },
    "node_modules/long": {
      "version": "5.3.2",
      "resolved": "https://registry.npmjs.org/long/-/long-5.3.2.tgz",
      "integrity": "sha512-mNAgZ1GmyNhD7AuqnTG3/VQ26o760+ZYBPKjPvugO8+nLbYfX6TVpJPseBvopbdY+qpZ/lKUnmEc1LeZYS3QAA==",
      "dev": true,
      "license": "Apache-2.0"
    },
    "node_modules/mediabunny": {
      "version": "1.59.0",
      "resolved": "https://registry.npmjs.org/mediabunny/-/mediabunny-1.59.0.tgz",
      "integrity": "sha512-m+nhRFI9gRQaDP22GCZwwL1nTtoAJtzHB7XzZmlff4P17+F/i5wZnDu4cc09a4ae5x41Px/C/GWdiROQHVM4eQ==",
      "license": "MPL-2.0",
      "workspaces": [
        ".",
        "packages/*"
      ],
      "dependencies": {
        "@types/dom-mediacapture-transform": "^0.1.11",
        "@types/dom-webcodecs": "0.1.13"
      },
      "funding": {
        "type": "individual",
        "url": "https://github.com/sponsors/Vanilagy"
      }
    },
    "node_modules/onnxruntime-common": {
      "version": "1.30.0",
      "resolved": "https://registry.npmjs.org/onnxruntime-common/-/onnxruntime-common-1.30.0.tgz",
      "integrity": "sha512-7fdVWjAID1dVhH/G8qK3APARunV4VkBFoCQAP7qp4Wkab0mrorvmc+sqiT+mKXOzDqdjN5j+/Z9nb4gzNPWcyA==",
      "dev": true,
      "license": "MIT"
    },
    "node_modules/onnxruntime-web": {
      "version": "1.30.0",
      "resolved": "https://registry.npmjs.org/onnxruntime-web/-/onnxruntime-web-1.30.0.tgz",
      "integrity": "sha512-q0y+JrrtukXSzsBWEMccVfqX25LRmosXHF+CaRJmg8pZClzcV7svNc4rKY3jL02Vb7QmRMDs1SigqR4CXAfKYQ==",
      "dev": true,
      "license": "MIT",
      "dependencies": {
        "flatbuffers": "^25.1.24",
        "guid-typescript": "^1.0.9",
        "long": "^5.2.3",
        "onnxruntime-common": "1.30.0",
        "platform": "^1.3.6",
        "protobufjs": "^7.2.4"
      }
    },
    "node_modules/platform": {
      "version": "1.3.6",
      "resolved": "https://registry.npmjs.org/platform/-/platform-1.3.6.tgz",
      "integrity": "sha512-fnWVljUchTro6RiCFvCXBbNhJc2NijN7oIQxbwsyL0buWJPG85v81ehlHI9fXrJsMNgTofEoWIQeClKpgxFLrg==",
      "dev": true,
      "license": "MIT"
    },
    "node_modules/playwright": {
      "version": "1.62.1",
      "resolved": "https://registry.npmjs.org/playwright/-/playwright-1.62.1.tgz",
      "integrity": "sha512-0M+L3LAD8/nm554LOla9Ayx0j0tmFZ0FBcoQ7F1VuVHpM/XpiC8RcDzBQB8W5+hA8L22THxELzeF+2WcUzvcLg==",
      "dev": true,
      "license": "Apache-2.0",
      "dependencies": {
        "playwright-core": "1.62.1"
      },
      "bin": {
        "playwright": "cli.js"
      },
      "engines": {
        "node": ">=20"
      },
      "optionalDependencies": {
        "fsevents": "2.3.2"
      }
    },
    "node_modules/playwright-core": {
      "version": "1.62.1",
      "resolved": "https://registry.npmjs.org/playwright-core/-/playwright-core-1.62.1.tgz",
      "integrity": "sha512-wPYSwEBJY9GHraISXqyqtx0na0LpO3XEX7jNDhntbex7tzUS7kLnZsOlFruFJB4Hi/rhDMjXGqHewDZ68nYZVw==",
      "dev": true,
      "license": "Apache-2.0",
      "bin": {
        "playwright-core": "cli.js"
      },
      "engines": {
        "node": ">=20"
      }
    },
    "node_modules/protobufjs": {
      "version": "7.6.6",
      "resolved": "https://registry.npmjs.org/protobufjs/-/protobufjs-7.6.6.tgz",
      "integrity": "sha512-dYDWdjSl5RNb7SgPxGQcRU+GtvP7s2fpkrY0r432PcOIaZ0/rBcxEZnQN67iJhFuQiVw754JDoPruPCNdGsbjg==",
      "dev": true,
      "hasInstallScript": true,
      "license": "BSD-3-Clause",
      "dependencies": {
        "@protobufjs/aspromise": "^1.1.2",
        "@protobufjs/base64": "^1.1.2",
        "@protobufjs/codegen": "^2.0.5",
        "@protobufjs/eventemitter": "^1.1.1",
        "@protobufjs/fetch": "^1.1.1",
        "@protobufjs/float": "^1.0.2",
        "@protobufjs/path": "^1.1.2",
        "@protobufjs/pool": "^1.1.0",
        "@protobufjs/utf8": "^1.1.1",
        "@types/node": ">=13.7.0",
        "long": "^5.3.2"
      },
      "engines": {
        "node": ">=12.0.0"
      }
    },
    "node_modules/typescript": {
      "version": "5.9.3",
      "resolved": "https://registry.npmjs.org/typescript/-/typescript-5.9.3.tgz",
      "integrity": "sha512-jl1vZzPDinLr9eUt3J/t7V6FgNEw9QjvBPdysz9KfQDD41fQrC2Y4vKQdiaUpFT4bXlb1RHhLpp8wtm6M5TgSw==",
      "dev": true,
      "license": "Apache-2.0",
      "bin": {
        "tsc": "bin/tsc",
        "tsserver": "bin/tsserver"
      },
      "engines": {
        "node": ">=14.17"
      }
    },
    "node_modules/undici-types": {
      "version": "6.21.0",
      "resolved": "https://registry.npmjs.org/undici-types/-/undici-types-6.21.0.tgz",
      "integrity": "sha512-iwDZqg0QAGrg9Rav5H4n0M64c3mkR59cJ6wQp+7C4nI0gsmExaedaYLNO44eT4AtBBwjbTiGPMlt2Md0T9H9JQ==",
      "dev": true,
      "license": "MIT"
    },
    "packages/align-node": {
      "name": "@desert-ant-labs/align",
      "version": "3.3.1",
      "license": "SEE LICENSE IN LICENSE.md",
      "dependencies": {
        "@desert-ant-labs/core": "^3.3.1"
      },
      "optionalDependencies": {
        "koffi": "^2.9.0"
      }
    },
    "packages/clear-node": {
      "name": "@desert-ant-labs/clear",
      "version": "3.3.1",
      "license": "SEE LICENSE IN LICENSE.md",
      "dependencies": {
        "@bjorn3/browser_wasi_shim": "^0.3.0",
        "@desert-ant-labs/core": "^3.3.1"
      },
      "devDependencies": {
        "@litertjs/core": "^2.5.2"
      },
      "optionalDependencies": {
        "koffi": "^2.9.0"
      },
      "peerDependencies": {
        "@litertjs/core": ">=2.1.0"
      },
      "peerDependenciesMeta": {
        "@litertjs/core": {
          "optional": true
        }
      }
    },
    "packages/ear-node": {
      "name": "@desert-ant-labs/ear",
      "version": "3.3.1",
      "license": "SEE LICENSE IN LICENSE.md",
      "dependencies": {
        "@bjorn3/browser_wasi_shim": "^0.3.0",
        "@desert-ant-labs/core": "^3.3.1"
      },
      "devDependencies": {
        "@litertjs/core": "^2.5.2"
      },
      "optionalDependencies": {
        "koffi": "^2.9.0"
      },
      "peerDependencies": {
        "@litertjs/core": ">=2.1.0"
      },
      "peerDependenciesMeta": {
        "@litertjs/core": {
          "optional": true
        }
      }
    },
    "packages/emo-node": {
      "name": "@desert-ant-labs/emo",
      "version": "3.3.1",
      "license": "SEE LICENSE IN LICENSE.md",
      "dependencies": {
        "@bjorn3/browser_wasi_shim": "^0.3.0",
        "@desert-ant-labs/core": "^3.3.1"
      },
      "devDependencies": {
        "@litertjs/core": "^2.5.2"
      },
      "optionalDependencies": {
        "koffi": "^2.9.0"
      },
      "peerDependencies": {
        "@litertjs/core": ">=2.1.0"
      },
      "peerDependenciesMeta": {
        "@litertjs/core": {
          "optional": true
        }
      }
    },
    "packages/gist-node": {
      "name": "@desert-ant-labs/gist",
      "version": "3.3.1",
      "license": "SEE LICENSE IN LICENSE.md",
      "dependencies": {
        "@bjorn3/browser_wasi_shim": "^0.3.0",
        "@desert-ant-labs/core": "^3.3.1"
      },
      "devDependencies": {
        "@litertjs/core": "^2.5.2"
      },
      "optionalDependencies": {
        "koffi": "^2.9.0"
      },
      "peerDependencies": {
        "@litertjs/core": ">=2.1.0"
      },
      "peerDependenciesMeta": {
        "@litertjs/core": {
          "optional": true
        }
      }
    },
    "packages/redact-node": {
      "name": "@desert-ant-labs/redact",
      "version": "3.3.1",
      "license": "SEE LICENSE IN LICENSE.md",
      "dependencies": {
        "@bjorn3/browser_wasi_shim": "^0.3.0",
        "@desert-ant-labs/core": "^3.3.1"
      },
      "devDependencies": {
        "@litertjs/core": "^2.5.2"
      },
      "optionalDependencies": {
        "koffi": "^2.9.0"
      },
      "peerDependencies": {
        "@litertjs/core": ">=2.1.0"
      },
      "peerDependenciesMeta": {
        "@litertjs/core": {
          "optional": true
        }
      }
    },
    "packages/shapes-node": {
      "name": "@desert-ant-labs/shapes",
      "version": "3.3.1",
      "license": "SEE LICENSE IN LICENSE.md",
      "dependencies": {
        "@bjorn3/browser_wasi_shim": "^0.3.0",
        "@desert-ant-labs/core": "^3.3.1"
      },
      "devDependencies": {
        "@litertjs/core": "^2.5.2"
      },
      "optionalDependencies": {
        "koffi": "^2.9.0"
      },
      "peerDependencies": {
        "@litertjs/core": ">=2.1.0"
      },
      "peerDependenciesMeta": {
        "@litertjs/core": {
          "optional": true
        }
      }
    },
    "packages/tongue-node": {
      "name": "@desert-ant-labs/tongue",
      "version": "3.3.1",
      "license": "SEE LICENSE IN LICENSE.md",
      "devDependencies": {
        "@types/node": "^22",
        "typescript": "^5"
      },
      "engines": {
        "node": ">=18"
      }
    },
    "packages/voz-node": {
      "name": "@desert-ant-labs/voz",
      "version": "3.3.0",
      "license": "SEE LICENSE IN LICENSE.md",
      "dependencies": {
        "@bjorn3/browser_wasi_shim": "^0.3.0",
        "@desert-ant-labs/core": "^3.3.0",
        "mediabunny": "^1.59.0"
      },
      "devDependencies": {
        "onnxruntime-web": "^1.30.0"
      },
      "engines": {
        "node": ">=20"
      },
      "peerDependencies": {
        "onnxruntime-web": ">=1.23.0"
      },
      "peerDependenciesMeta": {
        "onnxruntime-web": {
          "optional": true
        }
      }
    }
  }
}
