{
  "name": "desert-ant-core-workspace",
  "lockfileVersion": 3,
  "requires": true,
  "packages": {
    "": {
      "name": "desert-ant-core-workspace",
      "workspaces": [
        "js",
        "packages/*-node"
      ],
      "devDependencies": {
        "playwright": "^1.49.0"
      }
    },
    "js": {
      "name": "@desert-ant-labs/core",
      "version": "1.0.2",
      "license": "SEE LICENSE IN LICENSE.md",
      "devDependencies": {
        "@litertjs/core": "^2.5.2"
      },
      "peerDependencies": {
        "@litertjs/core": ">=2.1.0",
        "koffi": ">=2.9.0"
      },
      "peerDependenciesMeta": {
        "@litertjs/core": {
          "optional": true
        },
        "koffi": {
          "optional": true
        }
      }
    },
    "node_modules/@bjorn3/browser_wasi_shim": {
      "version": "0.3.0",
      "resolved": "https://registry.npmjs.org/@bjorn3/browser_wasi_shim/-/browser_wasi_shim-0.3.0.tgz",
      "integrity": "sha512-FlRBYttPRLcWORzBe6g8nmYTafBkOEFeOqMYM4tAHJzFsQy4+xJA94z85a9BCs8S+Uzfh9LrkpII7DXr2iUVFg==",
      "license": "MIT OR Apache-2.0"
    },
    "node_modules/@desert-ant-labs/core": {
      "resolved": "js",
      "link": true
    },
    "node_modules/@desert-ant-labs/emo": {
      "resolved": "packages/emo-node",
      "link": true
    },
    "node_modules/@desert-ant-labs/redact": {
      "resolved": "packages/redact-node",
      "link": true
    },
    "node_modules/@litertjs/core": {
      "version": "2.5.3",
      "resolved": "https://registry.npmjs.org/@litertjs/core/-/core-2.5.3.tgz",
      "integrity": "sha512-PlGmbMOq9WitX7FO0jhbdJw9GthatsyuCQXjTt/wJZo0FLaw48q4tz8IwqgqCIkviYGr9OFDL1kCnN4nzWoyJQ==",
      "dev": true,
      "license": "Apache-2.0",
      "dependencies": {
        "@litertjs/wasm-utils": "^2.5.3"
      }
    },
    "node_modules/@litertjs/wasm-utils": {
      "version": "2.5.3",
      "resolved": "https://registry.npmjs.org/@litertjs/wasm-utils/-/wasm-utils-2.5.3.tgz",
      "integrity": "sha512-4fJiw6tBQnIs+0jH/OQ16nYOiSl8/+zZnn5h2ul8aTKHi05sVqZW580Tmk78pC2kT39A9OYBVdFawteZ/sI1kQ==",
      "dev": true,
      "license": "Apache-2.0"
    },
    "node_modules/fsevents": {
      "version": "2.3.2",
      "resolved": "https://registry.npmjs.org/fsevents/-/fsevents-2.3.2.tgz",
      "integrity": "sha512-xiqMQR4xAeHTuB9uWm+fFRcIOgKBMiOBP+eXiyT7jsgVCq1bkVygt00oASowB7EdtpOHaaPgKt812P9ab+DDKA==",
      "dev": true,
      "hasInstallScript": true,
      "license": "MIT",
      "optional": true,
      "os": [
        "darwin"
      ],
      "engines": {
        "node": "^8.16.0 || ^10.6.0 || >=11.0.0"
      }
    },
    "node_modules/koffi": {
      "version": "2.16.3",
      "resolved": "https://registry.npmjs.org/koffi/-/koffi-2.16.3.tgz",
      "integrity": "sha512-E9y1AsgYGlaxMhcZzHr8y96QF2U5XzA12GGVAfbWqIubTwPNMXQarfBzePNXHe0xtIEtNd6ifAv3GAKYGUeBAQ==",
      "hasInstallScript": true,
      "license": "MIT",
      "optional": true,
      "funding": {
        "url": "https://liberapay.com/Koromix"
      }
    },
    "node_modules/playwright": {
      "version": "1.62.1",
      "resolved": "https://registry.npmjs.org/playwright/-/playwright-1.62.1.tgz",
      "integrity": "sha512-0M+L3LAD8/nm554LOla9Ayx0j0tmFZ0FBcoQ7F1VuVHpM/XpiC8RcDzBQB8W5+hA8L22THxELzeF+2WcUzvcLg==",
      "dev": true,
      "license": "Apache-2.0",
      "dependencies": {
        "playwright-core": "1.62.1"
      },
      "bin": {
        "playwright": "cli.js"
      },
      "engines": {
        "node": ">=20"
      },
      "optionalDependencies": {
        "fsevents": "2.3.2"
      }
    },
    "node_modules/playwright-core": {
      "version": "1.62.1",
      "resolved": "https://registry.npmjs.org/playwright-core/-/playwright-core-1.62.1.tgz",
      "integrity": "sha512-wPYSwEBJY9GHraISXqyqtx0na0LpO3XEX7jNDhntbex7tzUS7kLnZsOlFruFJB4Hi/rhDMjXGqHewDZ68nYZVw==",
      "dev": true,
      "license": "Apache-2.0",
      "bin": {
        "playwright-core": "cli.js"
      },
      "engines": {
        "node": ">=20"
      }
    },
    "packages/emo-node": {
      "name": "@desert-ant-labs/emo",
      "version": "1.0.2",
      "license": "SEE LICENSE IN LICENSE.md",
      "dependencies": {
        "@bjorn3/browser_wasi_shim": "^0.3.0",
        "@desert-ant-labs/core": "^1.0.2"
      },
      "devDependencies": {
        "@litertjs/core": "^2.5.2"
      },
      "optionalDependencies": {
        "koffi": "^2.9.0"
      },
      "peerDependencies": {
        "@litertjs/core": ">=2.1.0"
      },
      "peerDependenciesMeta": {
        "@litertjs/core": {
          "optional": true
        }
      }
    },
    "packages/redact-node": {
      "name": "@desert-ant-labs/redact",
      "version": "1.0.2",
      "license": "SEE LICENSE IN LICENSE.md",
      "dependencies": {
        "@bjorn3/browser_wasi_shim": "^0.3.0",
        "@desert-ant-labs/core": "^1.0.1"
      },
      "devDependencies": {
        "@litertjs/core": "^2.5.2"
      },
      "optionalDependencies": {
        "koffi": "^2.9.0"
      },
      "peerDependencies": {
        "@litertjs/core": ">=2.1.0"
      },
      "peerDependenciesMeta": {
        "@litertjs/core": {
          "optional": true
        }
      }
    }
  }
}
